{
  "name": "image-maps-visualizer",
  "version": "0.0.0",
  "lockfileVersion": 3,
  "requires": true,
  "packages": {
    "": {
      "name": "image-maps-visualizer",
      "version": "0.0.0",
      "license": "MIT",
      "devDependencies": {
        "@tsconfig/node18": "^1.0.1",
        "@types/node": "^18.11.19",
        "chrome-types": "^0.1.170",
        "rimraf": "^4.1.2",
        "typescript": "^4.9.5"
      }
    },
    "node_modules/@tsconfig/node18": {
      "version": "1.0.1",
      "resolved": "https://registry.npmjs.org/@tsconfig/node18/-/node18-1.0.1.tgz",
      "integrity": "sha512-sNFeK6X2ATlhlvzyH4kKYQlfHXE2f2/wxtB9ClvYXevWpmwkUT7VaSrjIN9E76Qebz8qP5JOJJ9jD3QoD/Z9TA==",
      "dev": true
    },
    "node_modules/@types/node": {
      "version": "18.11.19",
      "resolved": "https://registry.npmjs.org/@types/node/-/node-18.11.19.tgz",
      "integrity": "sha512-YUgMWAQBWLObABqrvx8qKO1enAvBUdjZOAWQ5grBAkp5LQv45jBvYKZ3oFS9iKRCQyFjqw6iuEa1vmFqtxYLZw==",
      "dev": true
    },
    "node_modules/chrome-types": {
      "version": "0.1.170",
      "resolved": "https://registry.npmjs.org/chrome-types/-/chrome-types-0.1.170.tgz",
      "integrity": "sha512-ujDV4ajkqPxjn1R71lfeu2ziybliy9x/kJYA3mqwuK9GYZcjLnwwsulimOcch7o7svyCRD4691qhQwYiovrVNg==",
      "dev": true
    },
    "node_modules/rimraf": {
      "version": "4.1.2",
      "resolved": "https://registry.npmjs.org/rimraf/-/rimraf-4.1.2.tgz",
      "integrity": "sha512-BlIbgFryTbw3Dz6hyoWFhKk+unCcHMSkZGrTFVAx2WmttdBSonsdtRlwiuTbDqTKr+UlXIUqJVS4QT5tUzGENQ==",
      "dev": true,
      "bin": {
        "rimraf": "dist/cjs/src/bin.js"
      },
      "engines": {
        "node": ">=14"
      },
      "funding": {
        "url": "https://github.com/sponsors/isaacs"
      }
    },
    "node_modules/typescript": {
      "version": "4.9.5",
      "resolved": "https://registry.npmjs.org/typescript/-/typescript-4.9.5.tgz",
      "integrity": "sha512-1FXk9E2Hm+QzZQ7z+McJiHL4NW1F2EzMu9Nq9i3zAaGqibafqYwCVU6WyWAuyQRRzOlxou8xZSyXLEN8oKj24g==",
      "dev": true,
      "bin": {
        "tsc": "bin/tsc",
        "tsserver": "bin/tsserver"
      },
      "engines": {
        "node": ">=4.2.0"
      }
    }
  }
}
